<?xml version="1.0"?>
<Project ToolsVersion="14.0" xmlns="http://schemas.microsoft.com/developer/msbuild/2003">
  <ItemGroup>
    <Filter Include="Common">
      <UniqueIdentifier>{c227d730-e40a-4f34-8c5c-e61e7a494d80}</UniqueIdentifier>
    </Filter>
    <Filter Include="Assets">
      <UniqueIdentifier>{3ae34cc6-871d-4c50-9b44-20fe8d149511}</UniqueIdentifier>
    </Filter>
    <Filter Include="FileActivation">
      <UniqueIdentifier>{04842D4A-77F4-404F-B74E-2D94D5B10ACB}</UniqueIdentifier>
    </Filter>
    <Filter Include="FileActivation\Base">
      <UniqueIdentifier>{BA602BC0-05BB-41F4-BDC5-1DC6F6E0C7BD}</UniqueIdentifier>
    </Filter>
    <Filter Include="FileActivation\Supporting Files">
      <UniqueIdentifier>{14C2030D-5C28-407F-A6CA-566010497DF5}</UniqueIdentifier>
    </Filter>
    <Filter Include="Xcode Variable Files">
      <UniqueIdentifier>{E995DAA2-3AC5-403D-A8C5-91A8EE14AB3E}</UniqueIdentifier>
    </Filter>
  </ItemGroup>
  <ItemGroup>
    <Xml Include="default.rd.xml" />
    <AppxManifest Include="Package.appxmanifest" />
    <None Include="FileActivation_TemporaryKey.pfx" />
    <Image Include="Assets\LockScreenLogo.scale-200.png">
      <Filter>Assets</Filter>
    </Image>
    <Image Include="Assets\SplashScreen.scale-200.png">
      <Filter>Assets</Filter>
    </Image>
    <Image Include="Assets\Square150x150Logo.scale-200.png">
      <Filter>Assets</Filter>
    </Image>
    <Image Include="Assets\Square44x44Logo.scale-200.png">
      <Filter>Assets</Filter>
    </Image>
    <Image Include="Assets\Square44x44Logo.targetsize-24_altform-unplated.png">
      <Filter>Assets</Filter>
    </Image>
    <Image Include="Assets\StoreLogo.png">
      <Filter>Assets</Filter>
    </Image>
    <Image Include="Assets\Wide310x150Logo.scale-200.png">
      <Filter>Assets</Filter>
    </Image>
    <AssetCatalogCompile Include="..\..\FileActivation\Assets.xcassets">
      <Filter>FileActivation</Filter>
    </AssetCatalogCompile>
    <ClInclude Include="..\..\FileActivation\AppDelegate.h">
      <Filter>FileActivation</Filter>
    </ClInclude>
    <ClInclude Include="..\..\FileActivation\ViewController.h">
      <Filter>FileActivation</Filter>
    </ClInclude>
    <ClangCompile Include="..\..\FileActivation\AppDelegate.m">
      <Filter>FileActivation</Filter>
    </ClangCompile>
    <ClangCompile Include="..\..\FileActivation\ViewController.m">
      <Filter>FileActivation</Filter>
    </ClangCompile>
    <ClangCompile Include="..\..\FileActivation\main.m">
      <Filter>FileActivation\Supporting Files</Filter>
    </ClangCompile>
    <SBInfoPlistCopy Include="..\..\FileActivation\Info.plist" />
    <StoryboardCompile Include="..\..\FileActivation\Base.lproj\LaunchScreen.storyboard">
      <Filter>FileActivation\Base</Filter>
    </StoryboardCompile>
    <StoryboardCompile Include="..\..\FileActivation\Base.lproj\Main.storyboard">
      <Filter>FileActivation\Base</Filter>
    </StoryboardCompile>
    <Text Include="FileActivation-Debug-xcvars.txt">
      <Filter>Xcode Variable Files</Filter>
    </Text>
    <Text Include="FileActivation-Release-xcvars.txt">
      <Filter>Xcode Variable Files</Filter>
    </Text>
  </ItemGroup>
</Project>
