<?xml version="1.0" encoding="utf-8"?>
<Project ToolsVersion="14.0" xmlns="http://schemas.microsoft.com/developer/msbuild/2003">
  <ItemGroup>
    <Filter Include="Common">
      <UniqueIdentifier>{08b7c143-f5ff-411a-b4bf-5768f31030a8}</UniqueIdentifier>
    </Filter>
    <Filter Include="Assets">
      <UniqueIdentifier>{05f83a1f-8639-45cc-9cae-f0fb667eae8a}</UniqueIdentifier>
    </Filter>
    <Filter Include="FileActivation">
      <UniqueIdentifier>{0E3C6ACD-1013-4AA8-89F4-153F537BD583}</UniqueIdentifier>
    </Filter>
    <Filter Include="FileActivation\Base">
      <UniqueIdentifier>{43CF2A7F-1FD9-45F1-9606-D4C776F0688A}</UniqueIdentifier>
    </Filter>
    <Filter Include="FileActivation\Supporting Files">
      <UniqueIdentifier>{71AFB26C-1615-41DC-95BB-CC9ACBCCB844}</UniqueIdentifier>
    </Filter>
    <Filter Include="Xcode Variable Files">
      <UniqueIdentifier>{644F34D2-A9D4-40E3-894E-CAF3FE079F7B}</UniqueIdentifier>
    </Filter>
  </ItemGroup>
  <ItemGroup>
    <Xml Include="default.rd.xml" />
    <AppxManifest Include="Package.appxmanifest" />
    <None Include="FileActivation_TemporaryKey.pfx" />
    <Image Include="Assets\LockScreenLogo.scale-200.png">
      <Filter>Assets</Filter>
    </Image>
    <Image Include="Assets\SplashScreen.scale-200.png">
      <Filter>Assets</Filter>
    </Image>
    <Image Include="Assets\Square150x150Logo.scale-200.png">
      <Filter>Assets</Filter>
    </Image>
    <Image Include="Assets\Square44x44Logo.scale-200.png">
      <Filter>Assets</Filter>
    </Image>
    <Image Include="Assets\Square44x44Logo.targetsize-24_altform-unplated.png">
      <Filter>Assets</Filter>
    </Image>
    <Image Include="Assets\StoreLogo.png">
      <Filter>Assets</Filter>
    </Image>
    <Image Include="Assets\Wide310x150Logo.scale-200.png">
      <Filter>Assets</Filter>
    </Image>
    <AssetCatalogCompile Include="..\..\FileActivation\Assets.xcassets">
      <Filter>FileActivation</Filter>
    </AssetCatalogCompile>
    <ClInclude Include="..\..\FileActivation\AppDelegate.h">
      <Filter>FileActivation</Filter>
    </ClInclude>
    <ClInclude Include="..\..\FileActivation\ViewController.h">
      <Filter>FileActivation</Filter>
    </ClInclude>
    <ClangCompile Include="..\..\FileActivation\AppDelegate.m">
      <Filter>FileActivation</Filter>
    </ClangCompile>
    <ClangCompile Include="..\..\FileActivation\ViewController.m">
      <Filter>FileActivation</Filter>
    </ClangCompile>
    <ClangCompile Include="..\..\FileActivation\main.m">
      <Filter>FileActivation\Supporting Files</Filter>
    </ClangCompile>
    <SBInfoPlistCopy Include="..\..\FileActivation\Info.plist" />
    <StoryboardCompile Include="..\..\FileActivation\Base.lproj\LaunchScreen.storyboard">
      <Filter>FileActivation\Base</Filter>
    </StoryboardCompile>
    <StoryboardCompile Include="..\..\FileActivation\Base.lproj\Main.storyboard">
      <Filter>FileActivation\Base</Filter>
    </StoryboardCompile>
    <Text Include="FileActivation-Debug-xcvars.txt">
      <Filter>Xcode Variable Files</Filter>
    </Text>
    <Text Include="FileActivation-Release-xcvars.txt">
      <Filter>Xcode Variable Files</Filter>
    </Text>
  </ItemGroup>
  <ItemGroup>
    <ApplicationDefinition Include="App.xaml" />
  </ItemGroup>
  <ItemGroup>
    <ClCompile Include="App.xaml.cpp" />
    <ClCompile Include="pch.cpp" />
  </ItemGroup>
  <ItemGroup>
    <ClInclude Include="pch.h" />
    <ClInclude Include="App.xaml.h" />
  </ItemGroup>
</Project>