Microsoft Visual Studio Solution File, Format Version 12.00
# Visual Studio 14
VisualStudioVersion = 14.0.22823.1
MinimumVisualStudioVersion = 10.0.40219.1
Project("{2150E333-8FDC-42A3-9474-1A3956D46DE8}") = "BitcoinWallet", "BitcoinWallet", "{36D6E4D8-4CCD-4303-B1FE-26B47EAF4146}"
EndProject
Project("{8BC9CEB8-8B4A-11D0-8D11-00A0C91BC942}") = "BitcoinWallet", "BitcoinWallet.vsimporter\BitcoinWallet-WinStore10\BitcoinWallet.vcxproj", "{8A4D7B39-0C28-40FB-A186-F354A1D14278}"
EndProject
Global
	GlobalSection(SharedMSBuildProjectFiles) = preSolution
	EndGlobalSection
	GlobalSection(SolutionConfigurationPlatforms) = preSolution
		Debug|ARM = Debug|ARM
		Debug|Win32 = Debug|Win32
		Release|ARM = Release|ARM
		Release|Win32 = Release|Win32
	EndGlobalSection
	GlobalSection(ProjectConfigurationPlatforms) = postSolution
		{8A4D7B39-0C28-40FB-A186-F354A1D14278}.Debug|ARM.ActiveCfg = Debug|ARM
		{8A4D7B39-0C28-40FB-A186-F354A1D14278}.Debug|ARM.Build.0 = Debug|ARM
		{8A4D7B39-0C28-40FB-A186-F354A1D14278}.Debug|ARM.Deploy.0 = Debug|ARM
		{8A4D7B39-0C28-40FB-A186-F354A1D14278}.Debug|Win32.ActiveCfg = Debug|Win32
		{8A4D7B39-0C28-40FB-A186-F354A1D14278}.Debug|Win32.Build.0 = Debug|Win32
		{8A4D7B39-0C28-40FB-A186-F354A1D14278}.Debug|Win32.Deploy.0 = Debug|Win32
		{8A4D7B39-0C28-40FB-A186-F354A1D14278}.Release|ARM.ActiveCfg = Release|ARM
		{8A4D7B39-0C28-40FB-A186-F354A1D14278}.Release|ARM.Build.0 = Release|ARM
		{8A4D7B39-0C28-40FB-A186-F354A1D14278}.Release|ARM.Deploy.0 = Release|ARM
		{8A4D7B39-0C28-40FB-A186-F354A1D14278}.Release|Win32.ActiveCfg = Release|Win32
		{8A4D7B39-0C28-40FB-A186-F354A1D14278}.Release|Win32.Build.0 = Release|Win32
		{8A4D7B39-0C28-40FB-A186-F354A1D14278}.Release|Win32.Deploy.0 = Release|Win32
	EndGlobalSection
	GlobalSection(SolutionProperties) = preSolution
		HideSolutionNode = FALSE
	EndGlobalSection
	GlobalSection(NestedProjects) = preSolution
		{8A4D7B39-0C28-40FB-A186-F354A1D14278} = {36D6E4D8-4CCD-4303-B1FE-26B47EAF4146}
	EndGlobalSection
EndGlobal
