// !$*UTF8*$!
{
	archiveVersion = 1;
	classes = {
	};
	objectVersion = 46;
	objects = {

/* Begin PBXBuildFile section */
		F44208CA1CBEE6E900A83317 /* main.m in Sources */ = {isa = PBXBuildFile; fileRef = F44208C91CBEE6E900A83317 /* main.m */; };
		F44208CD1CBEE6E900A83317 /* AppDelegate.m in Sources */ = {isa = PBXBuildFile; fileRef = F44208CC1CBEE6E900A83317 /* AppDelegate.m */; };
		F44208D01CBEE6E900A83317 /* ViewController.m in Sources */ = {isa = PBXBuildFile; fileRef = F44208CF1CBEE6E900A83317 /* ViewController.m */; };
		F44208D31CBEE6E900A83317 /* Main.storyboard in Resources */ = {isa = PBXBuildFile; fileRef = F44208D11CBEE6E900A83317 /* Main.storyboard */; };
		F44208D51CBEE6E900A83317 /* Assets.xcassets in Resources */ = {isa = PBXBuildFile; fileRef = F44208D41CBEE6E900A83317 /* Assets.xcassets */; };
		F44208D81CBEE6E900A83317 /* LaunchScreen.storyboard in Resources */ = {isa = PBXBuildFile; fileRef = F44208D61CBEE6E900A83317 /* LaunchScreen.storyboard */; };
		F44208E31CBEE6E900A83317 /* LiveTileSampleTests.m in Sources */ = {isa = PBXBuildFile; fileRef = F44208E21CBEE6E900A83317 /* LiveTileSampleTests.m */; };
		F44208EE1CBEE6E900A83317 /* LiveTileSampleUITests.m in Sources */ = {isa = PBXBuildFile; fileRef = F44208ED1CBEE6E900A83317 /* LiveTileSampleUITests.m */; };
/* End PBXBuildFile section */

/* Begin PBXContainerItemProxy section */
		F44208DF1CBEE6E900A83317 /* PBXContainerItemProxy */ = {
			isa = PBXContainerItemProxy;
			containerPortal = F44208BD1CBEE6E900A83317 /* Project object */;
			proxyType = 1;
			remoteGlobalIDString = F44208C41CBEE6E900A83317;
			remoteInfo = LiveTileSample;
		};
		F44208EA1CBEE6E900A83317 /* PBXContainerItemProxy */ = {
			isa = PBXContainerItemProxy;
			containerPortal = F44208BD1CBEE6E900A83317 /* Project object */;
			proxyType = 1;
			remoteGlobalIDString = F44208C41CBEE6E900A83317;
			remoteInfo = LiveTileSample;
		};
/* End PBXContainerItemProxy section */

/* Begin PBXFileReference section */
		F44208C51CBEE6E900A83317 /* LiveTileSample.app */ = {isa = PBXFileReference; explicitFileType = wrapper.application; includeInIndex = 0; path = LiveTileSample.app; sourceTree = BUILT_PRODUCTS_DIR; };
		F44208C91CBEE6E900A83317 /* main.m */ = {isa = PBXFileReference; lastKnownFileType = sourcecode.c.objc; path = main.m; sourceTree = "<group>"; };
		F44208CB1CBEE6E900A83317 /* AppDelegate.h */ = {isa = PBXFileReference; lastKnownFileType = sourcecode.c.h; path = AppDelegate.h; sourceTree = "<group>"; };
		F44208CC1CBEE6E900A83317 /* AppDelegate.m */ = {isa = PBXFileReference; lastKnownFileType = sourcecode.c.objc; path = AppDelegate.m; sourceTree = "<group>"; };
		F44208CE1CBEE6E900A83317 /* ViewController.h */ = {isa = PBXFileReference; lastKnownFileType = sourcecode.c.h; path = ViewController.h; sourceTree = "<group>"; };
		F44208CF1CBEE6E900A83317 /* ViewController.m */ = {isa = PBXFileReference; lastKnownFileType = sourcecode.c.objc; path = ViewController.m; sourceTree = "<group>"; };
		F44208D21CBEE6E900A83317 /* Base */ = {isa = PBXFileReference; lastKnownFileType = file.storyboard; name = Base; path = Base.lproj/Main.storyboard; sourceTree = "<group>"; };
		F44208D41CBEE6E900A83317 /* Assets.xcassets */ = {isa = PBXFileReference; lastKnownFileType = folder.assetcatalog; path = Assets.xcassets; sourceTree = "<group>"; };
		F44208D71CBEE6E900A83317 /* Base */ = {isa = PBXFileReference; lastKnownFileType = file.storyboard; name = Base; path = Base.lproj/LaunchScreen.storyboard; sourceTree = "<group>"; };
		F44208D91CBEE6E900A83317 /* Info.plist */ = {isa = PBXFileReference; lastKnownFileType = text.plist.xml; path = Info.plist; sourceTree = "<group>"; };
		F44208DE1CBEE6E900A83317 /* LiveTileSampleTests.xctest */ = {isa = PBXFileReference; explicitFileType = wrapper.cfbundle; includeInIndex = 0; path = LiveTileSampleTests.xctest; sourceTree = BUILT_PRODUCTS_DIR; };
		F44208E21CBEE6E900A83317 /* LiveTileSampleTests.m */ = {isa = PBXFileReference; lastKnownFileType = sourcecode.c.objc; path = LiveTileSampleTests.m; sourceTree = "<group>"; };
		F44208E41CBEE6E900A83317 /* Info.plist */ = {isa = PBXFileReference; lastKnownFileType = text.plist.xml; path = Info.plist; sourceTree = "<group>"; };
		F44208E91CBEE6E900A83317 /* LiveTileSampleUITests.xctest */ = {isa = PBXFileReference; explicitFileType = wrapper.cfbundle; includeInIndex = 0; path = LiveTileSampleUITests.xctest; sourceTree = BUILT_PRODUCTS_DIR; };
		F44208ED1CBEE6E900A83317 /* LiveTileSampleUITests.m */ = {isa = PBXFileReference; lastKnownFileType = sourcecode.c.objc; path = LiveTileSampleUITests.m; sourceTree = "<group>"; };
		F44208EF1CBEE6E900A83317 /* Info.plist */ = {isa = PBXFileReference; lastKnownFileType = text.plist.xml; path = Info.plist; sourceTree = "<group>"; };
/* End PBXFileReference section */

/* Begin PBXFrameworksBuildPhase section */
		F44208C21CBEE6E900A83317 /* Frameworks */ = {
			isa = PBXFrameworksBuildPhase;
			buildActionMask = 2147483647;
			files = (
			);
			runOnlyForDeploymentPostprocessing = 0;
		};
		F44208DB1CBEE6E900A83317 /* Frameworks */ = {
			isa = PBXFrameworksBuildPhase;
			buildActionMask = 2147483647;
			files = (
			);
			runOnlyForDeploymentPostprocessing = 0;
		};
		F44208E61CBEE6E900A83317 /* Frameworks */ = {
			isa = PBXFrameworksBuildPhase;
			buildActionMask = 2147483647;
			files = (
			);
			runOnlyForDeploymentPostprocessing = 0;
		};
/* End PBXFrameworksBuildPhase section */

/* Begin PBXGroup section */
		F44208BC1CBEE6E900A83317 = {
			isa = PBXGroup;
			children = (
				F44208C71CBEE6E900A83317 /* LiveTileSample */,
				F44208E11CBEE6E900A83317 /* LiveTileSampleTests */,
				F44208EC1CBEE6E900A83317 /* LiveTileSampleUITests */,
				F44208C61CBEE6E900A83317 /* Products */,
			);
			sourceTree = "<group>";
		};
		F44208C61CBEE6E900A83317 /* Products */ = {
			isa = PBXGroup;
			children = (
				F44208C51CBEE6E900A83317 /* LiveTileSample.app */,
				F44208DE1CBEE6E900A83317 /* LiveTileSampleTests.xctest */,
				F44208E91CBEE6E900A83317 /* LiveTileSampleUITests.xctest */,
			);
			name = Products;
			sourceTree = "<group>";
		};
		F44208C71CBEE6E900A83317 /* LiveTileSample */ = {
			isa = PBXGroup;
			children = (
				F44208CB1CBEE6E900A83317 /* AppDelegate.h */,
				F44208CC1CBEE6E900A83317 /* AppDelegate.m */,
				F44208CE1CBEE6E900A83317 /* ViewController.h */,
				F44208CF1CBEE6E900A83317 /* ViewController.m */,
				F44208D11CBEE6E900A83317 /* Main.storyboard */,
				F44208D41CBEE6E900A83317 /* Assets.xcassets */,
				F44208D61CBEE6E900A83317 /* LaunchScreen.storyboard */,
				F44208D91CBEE6E900A83317 /* Info.plist */,
				F44208C81CBEE6E900A83317 /* Supporting Files */,
			);
			path = LiveTileSample;
			sourceTree = "<group>";
		};
		F44208C81CBEE6E900A83317 /* Supporting Files */ = {
			isa = PBXGroup;
			children = (
				F44208C91CBEE6E900A83317 /* main.m */,
			);
			name = "Supporting Files";
			sourceTree = "<group>";
		};
		F44208E11CBEE6E900A83317 /* LiveTileSampleTests */ = {
			isa = PBXGroup;
			children = (
				F44208E21CBEE6E900A83317 /* LiveTileSampleTests.m */,
				F44208E41CBEE6E900A83317 /* Info.plist */,
			);
			path = LiveTileSampleTests;
			sourceTree = "<group>";
		};
		F44208EC1CBEE6E900A83317 /* LiveTileSampleUITests */ = {
			isa = PBXGroup;
			children = (
				F44208ED1CBEE6E900A83317 /* LiveTileSampleUITests.m */,
				F44208EF1CBEE6E900A83317 /* Info.plist */,
			);
			path = LiveTileSampleUITests;
			sourceTree = "<group>";
		};
/* End PBXGroup section */

/* Begin PBXNativeTarget section */
		F44208C41CBEE6E900A83317 /* LiveTileSample */ = {
			isa = PBXNativeTarget;
			buildConfigurationList = F44208F21CBEE6E900A83317 /* Build configuration list for PBXNativeTarget "LiveTileSample" */;
			buildPhases = (
				F44208C11CBEE6E900A83317 /* Sources */,
				F44208C21CBEE6E900A83317 /* Frameworks */,
				F44208C31CBEE6E900A83317 /* Resources */,
			);
			buildRules = (
			);
			dependencies = (
			);
			name = LiveTileSample;
			productName = LiveTileSample;
			productReference = F44208C51CBEE6E900A83317 /* LiveTileSample.app */;
			productType = "com.apple.product-type.application";
		};
		F44208DD1CBEE6E900A83317 /* LiveTileSampleTests */ = {
			isa = PBXNativeTarget;
			buildConfigurationList = F44208F51CBEE6E900A83317 /* Build configuration list for PBXNativeTarget "LiveTileSampleTests" */;
			buildPhases = (
				F44208DA1CBEE6E900A83317 /* Sources */,
				F44208DB1CBEE6E900A83317 /* Frameworks */,
				F44208DC1CBEE6E900A83317 /* Resources */,
			);
			buildRules = (
			);
			dependencies = (
				F44208E01CBEE6E900A83317 /* PBXTargetDependency */,
			);
			name = LiveTileSampleTests;
			productName = LiveTileSampleTests;
			productReference = F44208DE1CBEE6E900A83317 /* LiveTileSampleTests.xctest */;
			productType = "com.apple.product-type.bundle.unit-test";
		};
		F44208E81CBEE6E900A83317 /* LiveTileSampleUITests */ = {
			isa = PBXNativeTarget;
			buildConfigurationList = F44208F81CBEE6E900A83317 /* Build configuration list for PBXNativeTarget "LiveTileSampleUITests" */;
			buildPhases = (
				F44208E51CBEE6E900A83317 /* Sources */,
				F44208E61CBEE6E900A83317 /* Frameworks */,
				F44208E71CBEE6E900A83317 /* Resources */,
			);
			buildRules = (
			);
			dependencies = (
				F44208EB1CBEE6E900A83317 /* PBXTargetDependency */,
			);
			name = LiveTileSampleUITests;
			productName = LiveTileSampleUITests;
			productReference = F44208E91CBEE6E900A83317 /* LiveTileSampleUITests.xctest */;
			productType = "com.apple.product-type.bundle.ui-testing";
		};
/* End PBXNativeTarget section */

/* Begin PBXProject section */
		F44208BD1CBEE6E900A83317 /* Project object */ = {
			isa = PBXProject;
			attributes = {
				LastUpgradeCheck = 0700;
				ORGANIZATIONNAME = Microsoft;
				TargetAttributes = {
					F44208C41CBEE6E900A83317 = {
						CreatedOnToolsVersion = 7.0.1;
					};
					F44208DD1CBEE6E900A83317 = {
						CreatedOnToolsVersion = 7.0.1;
						TestTargetID = F44208C41CBEE6E900A83317;
					};
					F44208E81CBEE6E900A83317 = {
						CreatedOnToolsVersion = 7.0.1;
						TestTargetID = F44208C41CBEE6E900A83317;
					};
				};
			};
			buildConfigurationList = F44208C01CBEE6E900A83317 /* Build configuration list for PBXProject "LiveTileSample" */;
			compatibilityVersion = "Xcode 3.2";
			developmentRegion = English;
			hasScannedForEncodings = 0;
			knownRegions = (
				en,
				Base,
			);
			mainGroup = F44208BC1CBEE6E900A83317;
			productRefGroup = F44208C61CBEE6E900A83317 /* Products */;
			projectDirPath = "";
			projectRoot = "";
			targets = (
				F44208C41CBEE6E900A83317 /* LiveTileSample */,
				F44208DD1CBEE6E900A83317 /* LiveTileSampleTests */,
				F44208E81CBEE6E900A83317 /* LiveTileSampleUITests */,
			);
		};
/* End PBXProject section */

/* Begin PBXResourcesBuildPhase section */
		F44208C31CBEE6E900A83317 /* Resources */ = {
			isa = PBXResourcesBuildPhase;
			buildActionMask = 2147483647;
			files = (
				F44208D81CBEE6E900A83317 /* LaunchScreen.storyboard in Resources */,
				F44208D51CBEE6E900A83317 /* Assets.xcassets in Resources */,
				F44208D31CBEE6E900A83317 /* Main.storyboard in Resources */,
			);
			runOnlyForDeploymentPostprocessing = 0;
		};
		F44208DC1CBEE6E900A83317 /* Resources */ = {
			isa = PBXResourcesBuildPhase;
			buildActionMask = 2147483647;
			files = (
			);
			runOnlyForDeploymentPostprocessing = 0;
		};
		F44208E71CBEE6E900A83317 /* Resources */ = {
			isa = PBXResourcesBuildPhase;
			buildActionMask = 2147483647;
			files = (
			);
			runOnlyForDeploymentPostprocessing = 0;
		};
/* End PBXResourcesBuildPhase section */

/* Begin PBXSourcesBuildPhase section */
		F44208C11CBEE6E900A83317 /* Sources */ = {
			isa = PBXSourcesBuildPhase;
			buildActionMask = 2147483647;
			files = (
				F44208D01CBEE6E900A83317 /* ViewController.m in Sources */,
				F44208CD1CBEE6E900A83317 /* AppDelegate.m in Sources */,
				F44208CA1CBEE6E900A83317 /* main.m in Sources */,
			);
			runOnlyForDeploymentPostprocessing = 0;
		};
		F44208DA1CBEE6E900A83317 /* Sources */ = {
			isa = PBXSourcesBuildPhase;
			buildActionMask = 2147483647;
			files = (
				F44208E31CBEE6E900A83317 /* LiveTileSampleTests.m in Sources */,
			);
			runOnlyForDeploymentPostprocessing = 0;
		};
		F44208E51CBEE6E900A83317 /* Sources */ = {
			isa = PBXSourcesBuildPhase;
			buildActionMask = 2147483647;
			files = (
				F44208EE1CBEE6E900A83317 /* LiveTileSampleUITests.m in Sources */,
			);
			runOnlyForDeploymentPostprocessing = 0;
		};
/* End PBXSourcesBuildPhase section */

/* Begin PBXTargetDependency section */
		F44208E01CBEE6E900A83317 /* PBXTargetDependency */ = {
			isa = PBXTargetDependency;
			target = F44208C41CBEE6E900A83317 /* LiveTileSample */;
			targetProxy = F44208DF1CBEE6E900A83317 /* PBXContainerItemProxy */;
		};
		F44208EB1CBEE6E900A83317 /* PBXTargetDependency */ = {
			isa = PBXTargetDependency;
			target = F44208C41CBEE6E900A83317 /* LiveTileSample */;
			targetProxy = F44208EA1CBEE6E900A83317 /* PBXContainerItemProxy */;
		};
/* End PBXTargetDependency section */

/* Begin PBXVariantGroup section */
		F44208D11CBEE6E900A83317 /* Main.storyboard */ = {
			isa = PBXVariantGroup;
			children = (
				F44208D21CBEE6E900A83317 /* Base */,
			);
			name = Main.storyboard;
			sourceTree = "<group>";
		};
		F44208D61CBEE6E900A83317 /* LaunchScreen.storyboard */ = {
			isa = PBXVariantGroup;
			children = (
				F44208D71CBEE6E900A83317 /* Base */,
			);
			name = LaunchScreen.storyboard;
			sourceTree = "<group>";
		};
/* End PBXVariantGroup section */

/* Begin XCBuildConfiguration section */
		F44208F01CBEE6E900A83317 /* Debug */ = {
			isa = XCBuildConfiguration;
			buildSettings = {
				ALWAYS_SEARCH_USER_PATHS = NO;
				CLANG_CXX_LANGUAGE_STANDARD = "gnu++0x";
				CLANG_CXX_LIBRARY = "libc++";
				CLANG_ENABLE_MODULES = YES;
				CLANG_ENABLE_OBJC_ARC = YES;
				CLANG_WARN_BOOL_CONVERSION = YES;
				CLANG_WARN_CONSTANT_CONVERSION = YES;
				CLANG_WARN_DIRECT_OBJC_ISA_USAGE = YES_ERROR;
				CLANG_WARN_EMPTY_BODY = YES;
				CLANG_WARN_ENUM_CONVERSION = YES;
				CLANG_WARN_INT_CONVERSION = YES;
				CLANG_WARN_OBJC_ROOT_CLASS = YES_ERROR;
				CLANG_WARN_UNREACHABLE_CODE = YES;
				CLANG_WARN__DUPLICATE_METHOD_MATCH = YES;
				"CODE_SIGN_IDENTITY[sdk=iphoneos*]" = "iPhone Developer";
				COPY_PHASE_STRIP = NO;
				DEBUG_INFORMATION_FORMAT = dwarf;
				ENABLE_STRICT_OBJC_MSGSEND = YES;
				ENABLE_TESTABILITY = YES;
				GCC_C_LANGUAGE_STANDARD = gnu99;
				GCC_DYNAMIC_NO_PIC = NO;
				GCC_NO_COMMON_BLOCKS = YES;
				GCC_OPTIMIZATION_LEVEL = 0;
				GCC_PREPROCESSOR_DEFINITIONS = (
					"DEBUG=1",
					"$(inherited)",
				);
				GCC_WARN_64_TO_32_BIT_CONVERSION = YES;
				GCC_WARN_ABOUT_RETURN_TYPE = YES_ERROR;
				GCC_WARN_UNDECLARED_SELECTOR = YES;
				GCC_WARN_UNINITIALIZED_AUTOS = YES_AGGRESSIVE;
				GCC_WARN_UNUSED_FUNCTION = YES;
				GCC_WARN_UNUSED_VARIABLE = YES;
				IPHONEOS_DEPLOYMENT_TARGET = 9.0;
				MTL_ENABLE_DEBUG_INFO = YES;
				ONLY_ACTIVE_ARCH = YES;
				SDKROOT = iphoneos;
			};
			name = Debug;
		};
		F44208F11CBEE6E900A83317 /* Release */ = {
			isa = XCBuildConfiguration;
			buildSettings = {
				ALWAYS_SEARCH_USER_PATHS = NO;
				CLANG_CXX_LANGUAGE_STANDARD = "gnu++0x";
				CLANG_CXX_LIBRARY = "libc++";
				CLANG_ENABLE_MODULES = YES;
				CLANG_ENABLE_OBJC_ARC = YES;
				CLANG_WARN_BOOL_CONVERSION = YES;
				CLANG_WARN_CONSTANT_CONVERSION = YES;
				CLANG_WARN_DIRECT_OBJC_ISA_USAGE = YES_ERROR;
				CLANG_WARN_EMPTY_BODY = YES;
				CLANG_WARN_ENUM_CONVERSION = YES;
				CLANG_WARN_INT_CONVERSION = YES;
				CLANG_WARN_OBJC_ROOT_CLASS = YES_ERROR;
				CLANG_WARN_UNREACHABLE_CODE = YES;
				CLANG_WARN__DUPLICATE_METHOD_MATCH = YES;
				"CODE_SIGN_IDENTITY[sdk=iphoneos*]" = "iPhone Developer";
				COPY_PHASE_STRIP = NO;
				DEBUG_INFORMATION_FORMAT = "dwarf-with-dsym";
				ENABLE_NS_ASSERTIONS = NO;
				ENABLE_STRICT_OBJC_MSGSEND = YES;
				GCC_C_LANGUAGE_STANDARD = gnu99;
				GCC_NO_COMMON_BLOCKS = YES;
				GCC_WARN_64_TO_32_BIT_CONVERSION = YES;
				GCC_WARN_ABOUT_RETURN_TYPE = YES_ERROR;
				GCC_WARN_UNDECLARED_SELECTOR = YES;
				GCC_WARN_UNINITIALIZED_AUTOS = YES_AGGRESSIVE;
				GCC_WARN_UNUSED_FUNCTION = YES;
				GCC_WARN_UNUSED_VARIABLE = YES;
				IPHONEOS_DEPLOYMENT_TARGET = 9.0;
				MTL_ENABLE_DEBUG_INFO = NO;
				SDKROOT = iphoneos;
				VALIDATE_PRODUCT = YES;
			};
			name = Release;
		};
		F44208F31CBEE6E900A83317 /* Debug */ = {
			isa = XCBuildConfiguration;
			buildSettings = {
				ASSETCATALOG_COMPILER_APPICON_NAME = AppIcon;
				INFOPLIST_FILE = LiveTileSample/Info.plist;
				LD_RUNPATH_SEARCH_PATHS = "$(inherited) @executable_path/Frameworks";
				PRODUCT_BUNDLE_IDENTIFIER = Microsoft.LiveTileSample;
				PRODUCT_NAME = "$(TARGET_NAME)";
			};
			name = Debug;
		};
		F44208F41CBEE6E900A83317 /* Release */ = {
			isa = XCBuildConfiguration;
			buildSettings = {
				ASSETCATALOG_COMPILER_APPICON_NAME = AppIcon;
				INFOPLIST_FILE = LiveTileSample/Info.plist;
				LD_RUNPATH_SEARCH_PATHS = "$(inherited) @executable_path/Frameworks";
				PRODUCT_BUNDLE_IDENTIFIER = Microsoft.LiveTileSample;
				PRODUCT_NAME = "$(TARGET_NAME)";
			};
			name = Release;
		};
		F44208F61CBEE6E900A83317 /* Debug */ = {
			isa = XCBuildConfiguration;
			buildSettings = {
				BUNDLE_LOADER = "$(TEST_HOST)";
				INFOPLIST_FILE = LiveTileSampleTests/Info.plist;
				LD_RUNPATH_SEARCH_PATHS = "$(inherited) @executable_path/Frameworks @loader_path/Frameworks";
				PRODUCT_BUNDLE_IDENTIFIER = Microsoft.LiveTileSampleTests;
				PRODUCT_NAME = "$(TARGET_NAME)";
				TEST_HOST = "$(BUILT_PRODUCTS_DIR)/LiveTileSample.app/LiveTileSample";
			};
			name = Debug;
		};
		F44208F71CBEE6E900A83317 /* Release */ = {
			isa = XCBuildConfiguration;
			buildSettings = {
				BUNDLE_LOADER = "$(TEST_HOST)";
				INFOPLIST_FILE = LiveTileSampleTests/Info.plist;
				LD_RUNPATH_SEARCH_PATHS = "$(inherited) @executable_path/Frameworks @loader_path/Frameworks";
				PRODUCT_BUNDLE_IDENTIFIER = Microsoft.LiveTileSampleTests;
				PRODUCT_NAME = "$(TARGET_NAME)";
				TEST_HOST = "$(BUILT_PRODUCTS_DIR)/LiveTileSample.app/LiveTileSample";
			};
			name = Release;
		};
		F44208F91CBEE6E900A83317 /* Debug */ = {
			isa = XCBuildConfiguration;
			buildSettings = {
				INFOPLIST_FILE = LiveTileSampleUITests/Info.plist;
				LD_RUNPATH_SEARCH_PATHS = "$(inherited) @executable_path/Frameworks @loader_path/Frameworks";
				PRODUCT_BUNDLE_IDENTIFIER = Microsoft.LiveTileSampleUITests;
				PRODUCT_NAME = "$(TARGET_NAME)";
				TEST_TARGET_NAME = LiveTileSample;
				USES_XCTRUNNER = YES;
			};
			name = Debug;
		};
		F44208FA1CBEE6E900A83317 /* Release */ = {
			isa = XCBuildConfiguration;
			buildSettings = {
				INFOPLIST_FILE = LiveTileSampleUITests/Info.plist;
				LD_RUNPATH_SEARCH_PATHS = "$(inherited) @executable_path/Frameworks @loader_path/Frameworks";
				PRODUCT_BUNDLE_IDENTIFIER = Microsoft.LiveTileSampleUITests;
				PRODUCT_NAME = "$(TARGET_NAME)";
				TEST_TARGET_NAME = LiveTileSample;
				USES_XCTRUNNER = YES;
			};
			name = Release;
		};
/* End XCBuildConfiguration section */

/* Begin XCConfigurationList section */
		F44208C01CBEE6E900A83317 /* Build configuration list for PBXProject "LiveTileSample" */ = {
			isa = XCConfigurationList;
			buildConfigurations = (
				F44208F01CBEE6E900A83317 /* Debug */,
				F44208F11CBEE6E900A83317 /* Release */,
			);
			defaultConfigurationIsVisible = 0;
			defaultConfigurationName = Release;
		};
		F44208F21CBEE6E900A83317 /* Build configuration list for PBXNativeTarget "LiveTileSample" */ = {
			isa = XCConfigurationList;
			buildConfigurations = (
				F44208F31CBEE6E900A83317 /* Debug */,
				F44208F41CBEE6E900A83317 /* Release */,
			);
			defaultConfigurationIsVisible = 0;
		};
		F44208F51CBEE6E900A83317 /* Build configuration list for PBXNativeTarget "LiveTileSampleTests" */ = {
			isa = XCConfigurationList;
			buildConfigurations = (
				F44208F61CBEE6E900A83317 /* Debug */,
				F44208F71CBEE6E900A83317 /* Release */,
			);
			defaultConfigurationIsVisible = 0;
		};
		F44208F81CBEE6E900A83317 /* Build configuration list for PBXNativeTarget "LiveTileSampleUITests" */ = {
			isa = XCConfigurationList;
			buildConfigurations = (
				F44208F91CBEE6E900A83317 /* Debug */,
				F44208FA1CBEE6E900A83317 /* Release */,
			);
			defaultConfigurationIsVisible = 0;
		};
/* End XCConfigurationList section */
	};
	rootObject = F44208BD1CBEE6E900A83317 /* Project object */;
}
