<?xml version="1.0"?>
<Project ToolsVersion="15.0" xmlns="http://schemas.microsoft.com/developer/msbuild/2003">
  <ItemGroup>
    <Filter Include="Common">
      <UniqueIdentifier>{836d9455-3238-405c-9a30-47a2b7d48948}</UniqueIdentifier>
    </Filter>
    <Filter Include="Assets">
      <UniqueIdentifier>{a3bd584f-db5c-4a0a-954c-7a5a0532f668}</UniqueIdentifier>
    </Filter>
    <Filter Include="CGCT">
      <UniqueIdentifier>{86EA432B-155B-485C-9C74-AF1AABB87013}</UniqueIdentifier>
    </Filter>
    <Filter Include="CGCT\Base">
      <UniqueIdentifier>{373DBF55-F85D-40A0-A3D2-A76D1632460B}</UniqueIdentifier>
    </Filter>
    <Filter Include="CGCT\Supporting Files">
      <UniqueIdentifier>{F19F5970-1DF3-45A7-978C-C77E0A654858}</UniqueIdentifier>
    </Filter>
    <Filter Include="Xcode Variable Files">
      <UniqueIdentifier>{19818447-E095-46F1-8D43-48DEF0CAEED3}</UniqueIdentifier>
    </Filter>
  </ItemGroup>
  <ItemGroup>
    <Xml Include="default.rd.xml" />
    <AppxManifest Include="Package.appxmanifest" />
    <None Include="CGCT_TemporaryKey.pfx" />
    <Image Include="Assets\LockScreenLogo.scale-200.png">
      <Filter>Assets</Filter>
    </Image>
    <Image Include="Assets\SplashScreen.scale-200.png">
      <Filter>Assets</Filter>
    </Image>
    <Image Include="Assets\Square150x150Logo.scale-200.png">
      <Filter>Assets</Filter>
    </Image>
    <Image Include="Assets\Square44x44Logo.scale-200.png">
      <Filter>Assets</Filter>
    </Image>
    <Image Include="Assets\Square44x44Logo.targetsize-24_altform-unplated.png">
      <Filter>Assets</Filter>
    </Image>
    <Image Include="Assets\StoreLogo.png">
      <Filter>Assets</Filter>
    </Image>
    <Image Include="Assets\Wide310x150Logo.scale-200.png">
      <Filter>Assets</Filter>
    </Image>
    <AssetCatalogCompile Include="..\..\CGCT\Assets.xcassets">
      <Filter>CGCT</Filter>
    </AssetCatalogCompile>
    <ClInclude Include="..\..\CGCT\AppDelegate.h">
      <Filter>CGCT</Filter>
    </ClInclude>
    <ClInclude Include="..\..\CGCT\CGView.h">
      <Filter>CGCT</Filter>
    </ClInclude>
    <ClInclude Include="..\..\CGCT\DemoScenario.h">
      <Filter>CGCT</Filter>
    </ClInclude>
    <ClInclude Include="..\..\CGCT\DemoScenarioImages.h">
      <Filter>CGCT</Filter>
    </ClInclude>
    <ClInclude Include="..\..\CGCT\DemoScenarioIntro.h">
      <Filter>CGCT</Filter>
    </ClInclude>
    <ClInclude Include="..\..\CGCT\DemoScenarioText.h">
      <Filter>CGCT</Filter>
    </ClInclude>
    <ClInclude Include="..\..\CGCT\DemoScenarioTextToPath.h">
      <Filter>CGCT</Filter>
    </ClInclude>
    <ClInclude Include="..\..\CGCT\ViewController.h">
      <Filter>CGCT</Filter>
    </ClInclude>
    <ClangCompile Include="..\..\CGCT\AppDelegate.m">
      <Filter>CGCT</Filter>
    </ClangCompile>
    <ClangCompile Include="..\..\CGCT\CGView.m">
      <Filter>CGCT</Filter>
    </ClangCompile>
    <ClangCompile Include="..\..\CGCT\DemoScenario.m">
      <Filter>CGCT</Filter>
    </ClangCompile>
    <ClangCompile Include="..\..\CGCT\DemoScenarioImages.m">
      <Filter>CGCT</Filter>
    </ClangCompile>
    <ClangCompile Include="..\..\CGCT\DemoScenarioIntro.m">
      <Filter>CGCT</Filter>
    </ClangCompile>
    <ClangCompile Include="..\..\CGCT\DemoScenarioText.m">
      <Filter>CGCT</Filter>
    </ClangCompile>
    <ClangCompile Include="..\..\CGCT\DemoScenarioTextToPath.m">
      <Filter>CGCT</Filter>
    </ClangCompile>
    <ClangCompile Include="..\..\CGCT\ViewController.m">
      <Filter>CGCT</Filter>
    </ClangCompile>
    <ClangCompile Include="..\..\CGCT\main.m">
      <Filter>CGCT\Supporting Files</Filter>
    </ClangCompile>
    <SBInfoPlistCopy Include="..\..\CGCT\Info.plist" />
    <SBResourceCopy Include="..\..\CGCT\Images\checkered.png">
      <Filter>CGCT</Filter>
    </SBResourceCopy>
    <SBResourceCopy Include="..\..\CGCT\Images\denim.png">
      <Filter>CGCT</Filter>
    </SBResourceCopy>
    <SBResourceCopy Include="..\..\CGCT\Images\plaid.png">
      <Filter>CGCT</Filter>
    </SBResourceCopy>
    <SBResourceCopy Include="..\..\CGCT\Images\sunset.png">
      <Filter>CGCT</Filter>
    </SBResourceCopy>
    <StoryboardCompile Include="..\..\CGCT\Base.lproj\LaunchScreen.storyboard">
      <Filter>CGCT\Base</Filter>
    </StoryboardCompile>
    <StoryboardCompile Include="..\..\CGCT\Base.lproj\Main.storyboard">
      <Filter>CGCT\Base</Filter>
    </StoryboardCompile>
    <Text Include="CGCT-Debug-xcvars.txt">
      <Filter>Xcode Variable Files</Filter>
    </Text>
    <Text Include="CGCT-Release-xcvars.txt">
      <Filter>Xcode Variable Files</Filter>
    </Text>
  </ItemGroup>
</Project>
