<?xml version="1.0"?>
<Project ToolsVersion="15.0" xmlns="http://schemas.microsoft.com/developer/msbuild/2003">
  <ItemGroup>
    <Filter Include="Common">
      <UniqueIdentifier>{50db2a70-7372-4672-b351-0fcbd6e701ca}</UniqueIdentifier>
    </Filter>
    <Filter Include="Assets">
      <UniqueIdentifier>{13b2546d-eb61-48c2-9809-b419fa263e04}</UniqueIdentifier>
    </Filter>
    <Filter Include="CGCT">
      <UniqueIdentifier>{058D6C7F-4233-4B2A-A159-236A4972219D}</UniqueIdentifier>
    </Filter>
    <Filter Include="CGCT\Base">
      <UniqueIdentifier>{3129016E-F349-4B21-80C6-78D07276D9A7}</UniqueIdentifier>
    </Filter>
    <Filter Include="CGCT\Supporting Files">
      <UniqueIdentifier>{996B0D86-9C94-4013-9BD6-B50699BDA1F4}</UniqueIdentifier>
    </Filter>
    <Filter Include="Xcode Variable Files">
      <UniqueIdentifier>{99C5D3CC-2102-46F2-A800-AFDE11AB2EEC}</UniqueIdentifier>
    </Filter>
  </ItemGroup>
  <ItemGroup>
    <Xml Include="default.rd.xml" />
    <AppxManifest Include="Package.appxmanifest" />
    <None Include="CGCT_TemporaryKey.pfx" />
    <Image Include="Assets\LockScreenLogo.scale-200.png">
      <Filter>Assets</Filter>
    </Image>
    <Image Include="Assets\SplashScreen.scale-200.png">
      <Filter>Assets</Filter>
    </Image>
    <Image Include="Assets\Square150x150Logo.scale-200.png">
      <Filter>Assets</Filter>
    </Image>
    <Image Include="Assets\Square44x44Logo.scale-200.png">
      <Filter>Assets</Filter>
    </Image>
    <Image Include="Assets\Square44x44Logo.targetsize-24_altform-unplated.png">
      <Filter>Assets</Filter>
    </Image>
    <Image Include="Assets\StoreLogo.png">
      <Filter>Assets</Filter>
    </Image>
    <Image Include="Assets\Wide310x150Logo.scale-200.png">
      <Filter>Assets</Filter>
    </Image>
    <AssetCatalogCompile Include="..\..\CGCT\Assets.xcassets">
      <Filter>CGCT</Filter>
    </AssetCatalogCompile>
    <ClInclude Include="..\..\CGCT\AppDelegate.h">
      <Filter>CGCT</Filter>
    </ClInclude>
    <ClInclude Include="..\..\CGCT\CGView.h">
      <Filter>CGCT</Filter>
    </ClInclude>
    <ClInclude Include="..\..\CGCT\DemoScenario.h">
      <Filter>CGCT</Filter>
    </ClInclude>
    <ClInclude Include="..\..\CGCT\DemoScenarioImages.h">
      <Filter>CGCT</Filter>
    </ClInclude>
    <ClInclude Include="..\..\CGCT\DemoScenarioIntro.h">
      <Filter>CGCT</Filter>
    </ClInclude>
    <ClInclude Include="..\..\CGCT\DemoScenarioText.h">
      <Filter>CGCT</Filter>
    </ClInclude>
    <ClInclude Include="..\..\CGCT\ViewController.h">
      <Filter>CGCT</Filter>
    </ClInclude>
    <ClangCompile Include="..\..\CGCT\AppDelegate.m">
      <Filter>CGCT</Filter>
    </ClangCompile>
    <ClangCompile Include="..\..\CGCT\CGView.m">
      <Filter>CGCT</Filter>
    </ClangCompile>
    <ClangCompile Include="..\..\CGCT\DemoScenario.m">
      <Filter>CGCT</Filter>
    </ClangCompile>
    <ClangCompile Include="..\..\CGCT\DemoScenarioImages.m">
      <Filter>CGCT</Filter>
    </ClangCompile>
    <ClangCompile Include="..\..\CGCT\DemoScenarioIntro.m">
      <Filter>CGCT</Filter>
    </ClangCompile>
    <ClangCompile Include="..\..\CGCT\DemoScenarioText.m">
      <Filter>CGCT</Filter>
    </ClangCompile>
    <ClangCompile Include="..\..\CGCT\ViewController.m">
      <Filter>CGCT</Filter>
    </ClangCompile>
    <ClangCompile Include="..\..\CGCT\main.m">
      <Filter>CGCT\Supporting Files</Filter>
    </ClangCompile>
    <SBInfoPlistCopy Include="..\..\CGCT\Info.plist" />
    <SBResourceCopy Include="..\..\CGCT\Images\checkered.png">
      <Filter>CGCT</Filter>
    </SBResourceCopy>
    <SBResourceCopy Include="..\..\CGCT\Images\denim.png">
      <Filter>CGCT</Filter>
    </SBResourceCopy>
    <SBResourceCopy Include="..\..\CGCT\Images\plaid.png">
      <Filter>CGCT</Filter>
    </SBResourceCopy>
    <SBResourceCopy Include="..\..\CGCT\Images\sunset.png">
      <Filter>CGCT</Filter>
    </SBResourceCopy>
    <StoryboardCompile Include="..\..\CGCT\Base.lproj\LaunchScreen.storyboard">
      <Filter>CGCT\Base</Filter>
    </StoryboardCompile>
    <StoryboardCompile Include="..\..\CGCT\Base.lproj\Main.storyboard">
      <Filter>CGCT\Base</Filter>
    </StoryboardCompile>
    <Text Include="CGCT-Debug-xcvars.txt">
      <Filter>Xcode Variable Files</Filter>
    </Text>
    <Text Include="CGCT-Release-xcvars.txt">
      <Filter>Xcode Variable Files</Filter>
    </Text>
  </ItemGroup>
</Project>
